// !$*UTF8*$!
{
	archiveVersion = 1;
	classes = {
	};
	objectVersion = 52;
	objects = {

/* Begin PBXBuildFile section */
		4E1F663B2672BB420033DE8A /* ColourMapsView.swift in Sources */ = {isa = PBXBuildFile; fileRef = 4E1F663A2672BB420033DE8A /* ColourMapsView.swift */; };
		4E263B4E214AFB3100D8D920 /* Assets.xcassets in Resources */ = {isa = PBXBuildFile; fileRef = 4E263B4D214AFB3100D8D920 /* Assets.xcassets */; };
		4E263B51214AFB3100D8D920 /* LaunchScreen.storyboard in Resources */ = {isa = PBXBuildFile; fileRef = 4E263B4F214AFB3100D8D920 /* LaunchScreen.storyboard */; };
		4E263B74214B027300D8D920 /* UIImage+Extension.swift in Sources */ = {isa = PBXBuildFile; fileRef = 4E263B73214B027300D8D920 /* UIImage+Extension.swift */; };
		4E32ECB42671853C005985AA /* MainView.swift in Sources */ = {isa = PBXBuildFile; fileRef = 4E32ECB32671853C005985AA /* MainView.swift */; };
		4E32ECB626718986005985AA /* MainViewModel.swift in Sources */ = {isa = PBXBuildFile; fileRef = 4E32ECB526718986005985AA /* MainViewModel.swift */; };
		4E32ECB826718B13005985AA /* MandelbrotApp.swift in Sources */ = {isa = PBXBuildFile; fileRef = 4E32ECB726718B13005985AA /* MandelbrotApp.swift */; };
		4EA4BB0A267D40260059790A /* ColourMapsViewModel.swift in Sources */ = {isa = PBXBuildFile; fileRef = 4EA4BB09267D40260059790A /* ColourMapsViewModel.swift */; };
		4EA4BB0C267D47D90059790A /* ColourMapButtonView.swift in Sources */ = {isa = PBXBuildFile; fileRef = 4EA4BB0B267D47D90059790A /* ColourMapButtonView.swift */; };
		4EA4BB0E267D52440059790A /* MyProgressViewStyle.swift in Sources */ = {isa = PBXBuildFile; fileRef = 4EA4BB0D267D52440059790A /* MyProgressViewStyle.swift */; };
		4EF23CE926A4D6D3009F6B8E /* MenuView.swift in Sources */ = {isa = PBXBuildFile; fileRef = 4EF23CE826A4D6D3009F6B8E /* MenuView.swift */; };
		4EF23CEC26A4DCFA009F6B8E /* DisclosureInfoView.swift in Sources */ = {isa = PBXBuildFile; fileRef = 4EF23CEB26A4DCFA009F6B8E /* DisclosureInfoView.swift */; };
		4EF6DD04267939060050D0DF /* MandelbrotEngine in Frameworks */ = {isa = PBXBuildFile; productRef = 4EF6DD03267939060050D0DF /* MandelbrotEngine */; };
/* End PBXBuildFile section */

/* Begin PBXFileReference section */
		4E1F663A2672BB420033DE8A /* ColourMapsView.swift */ = {isa = PBXFileReference; lastKnownFileType = sourcecode.swift; path = ColourMapsView.swift; sourceTree = "<group>"; };
		4E263B43214AFB3000D8D920 /* MandelbrotApp.app */ = {isa = PBXFileReference; explicitFileType = wrapper.application; includeInIndex = 0; path = MandelbrotApp.app; sourceTree = BUILT_PRODUCTS_DIR; };
		4E263B4D214AFB3100D8D920 /* Assets.xcassets */ = {isa = PBXFileReference; lastKnownFileType = folder.assetcatalog; path = Assets.xcassets; sourceTree = "<group>"; };
		4E263B50214AFB3100D8D920 /* Base */ = {isa = PBXFileReference; lastKnownFileType = file.storyboard; name = Base; path = Base.lproj/LaunchScreen.storyboard; sourceTree = "<group>"; };
		4E263B52214AFB3100D8D920 /* Info.plist */ = {isa = PBXFileReference; lastKnownFileType = text.plist.xml; path = Info.plist; sourceTree = "<group>"; };
		4E263B73214B027300D8D920 /* UIImage+Extension.swift */ = {isa = PBXFileReference; fileEncoding = 4; lastKnownFileType = sourcecode.swift; path = "UIImage+Extension.swift"; sourceTree = "<group>"; };
		4E32ECB32671853C005985AA /* MainView.swift */ = {isa = PBXFileReference; lastKnownFileType = sourcecode.swift; path = MainView.swift; sourceTree = "<group>"; };
		4E32ECB526718986005985AA /* MainViewModel.swift */ = {isa = PBXFileReference; lastKnownFileType = sourcecode.swift; path = MainViewModel.swift; sourceTree = "<group>"; };
		4E32ECB726718B13005985AA /* MandelbrotApp.swift */ = {isa = PBXFileReference; lastKnownFileType = sourcecode.swift; path = MandelbrotApp.swift; sourceTree = "<group>"; };
		4EA4BB09267D40260059790A /* ColourMapsViewModel.swift */ = {isa = PBXFileReference; lastKnownFileType = sourcecode.swift; path = ColourMapsViewModel.swift; sourceTree = "<group>"; };
		4EA4BB0B267D47D90059790A /* ColourMapButtonView.swift */ = {isa = PBXFileReference; lastKnownFileType = sourcecode.swift; path = ColourMapButtonView.swift; sourceTree = "<group>"; };
		4EA4BB0D267D52440059790A /* MyProgressViewStyle.swift */ = {isa = PBXFileReference; lastKnownFileType = sourcecode.swift; path = MyProgressViewStyle.swift; sourceTree = "<group>"; };
		4EF23CE826A4D6D3009F6B8E /* MenuView.swift */ = {isa = PBXFileReference; lastKnownFileType = sourcecode.swift; path = MenuView.swift; sourceTree = "<group>"; };
		4EF23CEB26A4DCFA009F6B8E /* DisclosureInfoView.swift */ = {isa = PBXFileReference; lastKnownFileType = sourcecode.swift; path = DisclosureInfoView.swift; sourceTree = "<group>"; };
/* End PBXFileReference section */

/* Begin PBXFrameworksBuildPhase section */
		4E263B40214AFB3000D8D920 /* Frameworks */ = {
			isa = PBXFrameworksBuildPhase;
			buildActionMask = 2147483647;
			files = (
				4EF6DD04267939060050D0DF /* MandelbrotEngine in Frameworks */,
			);
			runOnlyForDeploymentPostprocessing = 0;
		};
/* End PBXFrameworksBuildPhase section */

/* Begin PBXGroup section */
		4E1F66382672BB2A0033DE8A /* Main */ = {
			isa = PBXGroup;
			children = (
				4E32ECB32671853C005985AA /* MainView.swift */,
				4E32ECB526718986005985AA /* MainViewModel.swift */,
			);
			path = Main;
			sourceTree = "<group>";
		};
		4E1F66392672BB340033DE8A /* ColourMaps */ = {
			isa = PBXGroup;
			children = (
				4E1F663A2672BB420033DE8A /* ColourMapsView.swift */,
				4EA4BB09267D40260059790A /* ColourMapsViewModel.swift */,
				4EA4BB0B267D47D90059790A /* ColourMapButtonView.swift */,
			);
			path = ColourMaps;
			sourceTree = "<group>";
		};
		4E263B3A214AFB3000D8D920 = {
			isa = PBXGroup;
			children = (
				4E263B45214AFB3000D8D920 /* MandelbrotApp */,
				4E263B44214AFB3000D8D920 /* Products */,
			);
			sourceTree = "<group>";
		};
		4E263B44214AFB3000D8D920 /* Products */ = {
			isa = PBXGroup;
			children = (
				4E263B43214AFB3000D8D920 /* MandelbrotApp.app */,
			);
			name = Products;
			sourceTree = "<group>";
		};
		4E263B45214AFB3000D8D920 /* MandelbrotApp */ = {
			isa = PBXGroup;
			children = (
				4E263B72214B026800D8D920 /* Extensions */,
				4E32ECB226718529005985AA /* Views */,
				4E32ECB726718B13005985AA /* MandelbrotApp.swift */,
				4E263B4D214AFB3100D8D920 /* Assets.xcassets */,
				4E263B4F214AFB3100D8D920 /* LaunchScreen.storyboard */,
				4E263B52214AFB3100D8D920 /* Info.plist */,
			);
			path = MandelbrotApp;
			sourceTree = "<group>";
		};
		4E263B72214B026800D8D920 /* Extensions */ = {
			isa = PBXGroup;
			children = (
				4E263B73214B027300D8D920 /* UIImage+Extension.swift */,
			);
			path = Extensions;
			sourceTree = "<group>";
		};
		4E32ECB226718529005985AA /* Views */ = {
			isa = PBXGroup;
			children = (
				4E1F66392672BB340033DE8A /* ColourMaps */,
				4EF23CEA26A4DCE8009F6B8E /* DisclosureInfo */,
				4E1F66382672BB2A0033DE8A /* Main */,
				4EF23CE726A4D6C2009F6B8E /* Menu */,
				4EA4BB0D267D52440059790A /* MyProgressViewStyle.swift */,
			);
			path = Views;
			sourceTree = "<group>";
		};
		4EF23CE726A4D6C2009F6B8E /* Menu */ = {
			isa = PBXGroup;
			children = (
				4EF23CE826A4D6D3009F6B8E /* MenuView.swift */,
			);
			path = Menu;
			sourceTree = "<group>";
		};
		4EF23CEA26A4DCE8009F6B8E /* DisclosureInfo */ = {
			isa = PBXGroup;
			children = (
				4EF23CEB26A4DCFA009F6B8E /* DisclosureInfoView.swift */,
			);
			path = DisclosureInfo;
			sourceTree = "<group>";
		};
/* End PBXGroup section */

/* Begin PBXNativeTarget section */
		4E263B42214AFB3000D8D920 /* MandelbrotApp */ = {
			isa = PBXNativeTarget;
			buildConfigurationList = 4E263B55214AFB3100D8D920 /* Build configuration list for PBXNativeTarget "MandelbrotApp" */;
			buildPhases = (
				4E263B3F214AFB3000D8D920 /* Sources */,
				4E263B40214AFB3000D8D920 /* Frameworks */,
				4E263B41214AFB3000D8D920 /* Resources */,
			);
			buildRules = (
			);
			dependencies = (
			);
			name = MandelbrotApp;
			packageProductDependencies = (
				4EF6DD03267939060050D0DF /* MandelbrotEngine */,
			);
			productName = MandelbrotApp;
			productReference = 4E263B43214AFB3000D8D920 /* MandelbrotApp.app */;
			productType = "com.apple.product-type.application";
		};
/* End PBXNativeTarget section */

/* Begin PBXProject section */
		4E263B3B214AFB3000D8D920 /* Project object */ = {
			isa = PBXProject;
			attributes = {
				LastSwiftUpdateCheck = 1000;
				LastUpgradeCheck = 1200;
				ORGANIZATIONNAME = "Gary Kerr";
				TargetAttributes = {
					4E263B42214AFB3000D8D920 = {
						CreatedOnToolsVersion = 10.0;
						LastSwiftMigration = 1020;
					};
				};
			};
			buildConfigurationList = 4E263B3E214AFB3000D8D920 /* Build configuration list for PBXProject "MandelbrotApp" */;
			compatibilityVersion = "Xcode 9.3";
			developmentRegion = en;
			hasScannedForEncodings = 0;
			knownRegions = (
				en,
				Base,
			);
			mainGroup = 4E263B3A214AFB3000D8D920;
			packageReferences = (
				4EF6DD02267939060050D0DF /* XCRemoteSwiftPackageReference "MandelbrotEngine" */,
			);
			productRefGroup = 4E263B44214AFB3000D8D920 /* Products */;
			projectDirPath = "";
			projectRoot = "";
			targets = (
				4E263B42214AFB3000D8D920 /* MandelbrotApp */,
			);
		};
/* End PBXProject section */

/* Begin PBXResourcesBuildPhase section */
		4E263B41214AFB3000D8D920 /* Resources */ = {
			isa = PBXResourcesBuildPhase;
			buildActionMask = 2147483647;
			files = (
				4E263B51214AFB3100D8D920 /* LaunchScreen.storyboard in Resources */,
				4E263B4E214AFB3100D8D920 /* Assets.xcassets in Resources */,
			);
			runOnlyForDeploymentPostprocessing = 0;
		};
/* End PBXResourcesBuildPhase section */

/* Begin PBXSourcesBuildPhase section */
		4E263B3F214AFB3000D8D920 /* Sources */ = {
			isa = PBXSourcesBuildPhase;
			buildActionMask = 2147483647;
			files = (
				4E263B74214B027300D8D920 /* UIImage+Extension.swift in Sources */,
				4EF23CEC26A4DCFA009F6B8E /* DisclosureInfoView.swift in Sources */,
				4EF23CE926A4D6D3009F6B8E /* MenuView.swift in Sources */,
				4E1F663B2672BB420033DE8A /* ColourMapsView.swift in Sources */,
				4EA4BB0A267D40260059790A /* ColourMapsViewModel.swift in Sources */,
				4E32ECB42671853C005985AA /* MainView.swift in Sources */,
				4E32ECB826718B13005985AA /* MandelbrotApp.swift in Sources */,
				4EA4BB0E267D52440059790A /* MyProgressViewStyle.swift in Sources */,
				4E32ECB626718986005985AA /* MainViewModel.swift in Sources */,
				4EA4BB0C267D47D90059790A /* ColourMapButtonView.swift in Sources */,
			);
			runOnlyForDeploymentPostprocessing = 0;
		};
/* End PBXSourcesBuildPhase section */

/* Begin PBXVariantGroup section */
		4E263B4F214AFB3100D8D920 /* LaunchScreen.storyboard */ = {
			isa = PBXVariantGroup;
			children = (
				4E263B50214AFB3100D8D920 /* Base */,
			);
			name = LaunchScreen.storyboard;
			sourceTree = "<group>";
		};
/* End PBXVariantGroup section */

/* Begin XCBuildConfiguration section */
		4E263B53214AFB3100D8D920 /* Debug */ = {
			isa = XCBuildConfiguration;
			buildSettings = {
				ALWAYS_SEARCH_USER_PATHS = NO;
				CLANG_ANALYZER_NONNULL = YES;
				CLANG_ANALYZER_NUMBER_OBJECT_CONVERSION = YES_AGGRESSIVE;
				CLANG_CXX_LANGUAGE_STANDARD = "gnu++14";
				CLANG_CXX_LIBRARY = "libc++";
				CLANG_ENABLE_MODULES = YES;
				CLANG_ENABLE_OBJC_ARC = YES;
				CLANG_ENABLE_OBJC_WEAK = YES;
				CLANG_WARN_BLOCK_CAPTURE_AUTORELEASING = YES;
				CLANG_WARN_BOOL_CONVERSION = YES;
				CLANG_WARN_COMMA = YES;
				CLANG_WARN_CONSTANT_CONVERSION = YES;
				CLANG_WARN_DEPRECATED_OBJC_IMPLEMENTATIONS = YES;
				CLANG_WARN_DIRECT_OBJC_ISA_USAGE = YES_ERROR;
				CLANG_WARN_DOCUMENTATION_COMMENTS = YES;
				CLANG_WARN_EMPTY_BODY = YES;
				CLANG_WARN_ENUM_CONVERSION = YES;
				CLANG_WARN_INFINITE_RECURSION = YES;
				CLANG_WARN_INT_CONVERSION = YES;
				CLANG_WARN_NON_LITERAL_NULL_CONVERSION = YES;
				CLANG_WARN_OBJC_IMPLICIT_RETAIN_SELF = YES;
				CLANG_WARN_OBJC_LITERAL_CONVERSION = YES;
				CLANG_WARN_OBJC_ROOT_CLASS = YES_ERROR;
				CLANG_WARN_QUOTED_INCLUDE_IN_FRAMEWORK_HEADER = YES;
				CLANG_WARN_RANGE_LOOP_ANALYSIS = YES;
				CLANG_WARN_STRICT_PROTOTYPES = YES;
				CLANG_WARN_SUSPICIOUS_MOVE = YES;
				CLANG_WARN_UNGUARDED_AVAILABILITY = YES_AGGRESSIVE;
				CLANG_WARN_UNREACHABLE_CODE = YES;
				CLANG_WARN__DUPLICATE_METHOD_MATCH = YES;
				CODE_SIGN_IDENTITY = "iPhone Developer";
				COPY_PHASE_STRIP = NO;
				DEBUG_INFORMATION_FORMAT = dwarf;
				ENABLE_STRICT_OBJC_MSGSEND = YES;
				ENABLE_TESTABILITY = YES;
				GCC_C_LANGUAGE_STANDARD = gnu11;
				GCC_DYNAMIC_NO_PIC = NO;
				GCC_NO_COMMON_BLOCKS = YES;
				GCC_OPTIMIZATION_LEVEL = 0;
				GCC_PREPROCESSOR_DEFINITIONS = (
					"DEBUG=1",
					"$(inherited)",
				);
				GCC_WARN_64_TO_32_BIT_CONVERSION = YES;
				GCC_WARN_ABOUT_RETURN_TYPE = YES_ERROR;
				GCC_WARN_UNDECLARED_SELECTOR = YES;
				GCC_WARN_UNINITIALIZED_AUTOS = YES_AGGRESSIVE;
				GCC_WARN_UNUSED_FUNCTION = YES;
				GCC_WARN_UNUSED_VARIABLE = YES;
				IPHONEOS_DEPLOYMENT_TARGET = 14.5;
				MTL_ENABLE_DEBUG_INFO = INCLUDE_SOURCE;
				MTL_FAST_MATH = YES;
				ONLY_ACTIVE_ARCH = YES;
				SDKROOT = iphoneos;
				SWIFT_ACTIVE_COMPILATION_CONDITIONS = DEBUG;
				SWIFT_OPTIMIZATION_LEVEL = "-Onone";
			};
			name = Debug;
		};
		4E263B54214AFB3100D8D920 /* Release */ = {
			isa = XCBuildConfiguration;
			buildSettings = {
				ALWAYS_SEARCH_USER_PATHS = NO;
				CLANG_ANALYZER_NONNULL = YES;
				CLANG_ANALYZER_NUMBER_OBJECT_CONVERSION = YES_AGGRESSIVE;
				CLANG_CXX_LANGUAGE_STANDARD = "gnu++14";
				CLANG_CXX_LIBRARY = "libc++";
				CLANG_ENABLE_MODULES = YES;
				CLANG_ENABLE_OBJC_ARC = YES;
				CLANG_ENABLE_OBJC_WEAK = YES;
				CLANG_WARN_BLOCK_CAPTURE_AUTORELEASING = YES;
				CLANG_WARN_BOOL_CONVERSION = YES;
				CLANG_WARN_COMMA = YES;
				CLANG_WARN_CONSTANT_CONVERSION = YES;
				CLANG_WARN_DEPRECATED_OBJC_IMPLEMENTATIONS = YES;
				CLANG_WARN_DIRECT_OBJC_ISA_USAGE = YES_ERROR;
				CLANG_WARN_DOCUMENTATION_COMMENTS = YES;
				CLANG_WARN_EMPTY_BODY = YES;
				CLANG_WARN_ENUM_CONVERSION = YES;
				CLANG_WARN_INFINITE_RECURSION = YES;
				CLANG_WARN_INT_CONVERSION = YES;
				CLANG_WARN_NON_LITERAL_NULL_CONVERSION = YES;
				CLANG_WARN_OBJC_IMPLICIT_RETAIN_SELF = YES;
				CLANG_WARN_OBJC_LITERAL_CONVERSION = YES;
				CLANG_WARN_OBJC_ROOT_CLASS = YES_ERROR;
				CLANG_WARN_QUOTED_INCLUDE_IN_FRAMEWORK_HEADER = YES;
				CLANG_WARN_RANGE_LOOP_ANALYSIS = YES;
				CLANG_WARN_STRICT_PROTOTYPES = YES;
				CLANG_WARN_SUSPICIOUS_MOVE = YES;
				CLANG_WARN_UNGUARDED_AVAILABILITY = YES_AGGRESSIVE;
				CLANG_WARN_UNREACHABLE_CODE = YES;
				CLANG_WARN__DUPLICATE_METHOD_MATCH = YES;
				CODE_SIGN_IDENTITY = "iPhone Developer";
				COPY_PHASE_STRIP = NO;
				DEBUG_INFORMATION_FORMAT = "dwarf-with-dsym";
				ENABLE_NS_ASSERTIONS = NO;
				ENABLE_STRICT_OBJC_MSGSEND = YES;
				GCC_C_LANGUAGE_STANDARD = gnu11;
				GCC_NO_COMMON_BLOCKS = YES;
				GCC_WARN_64_TO_32_BIT_CONVERSION = YES;
				GCC_WARN_ABOUT_RETURN_TYPE = YES_ERROR;
				GCC_WARN_UNDECLARED_SELECTOR = YES;
				GCC_WARN_UNINITIALIZED_AUTOS = YES_AGGRESSIVE;
				GCC_WARN_UNUSED_FUNCTION = YES;
				GCC_WARN_UNUSED_VARIABLE = YES;
				IPHONEOS_DEPLOYMENT_TARGET = 14.5;
				MTL_ENABLE_DEBUG_INFO = NO;
				MTL_FAST_MATH = YES;
				SDKROOT = iphoneos;
				SWIFT_COMPILATION_MODE = wholemodule;
				SWIFT_OPTIMIZATION_LEVEL = "-O";
				VALIDATE_PRODUCT = YES;
			};
			name = Release;
		};
		4E263B56214AFB3100D8D920 /* Debug */ = {
			isa = XCBuildConfiguration;
			buildSettings = {
				ASSETCATALOG_COMPILER_APPICON_NAME = AppIcon;
				CODE_SIGN_ENTITLEMENTS = "";
				CODE_SIGN_STYLE = Automatic;
				CURRENT_PROJECT_VERSION = 5;
				DEVELOPMENT_TEAM = T59AZ797LW;
				INFOPLIST_FILE = MandelbrotApp/Info.plist;
				IPHONEOS_DEPLOYMENT_TARGET = 14.5;
				LD_RUNPATH_SEARCH_PATHS = (
					"$(inherited)",
					"@executable_path/Frameworks",
				);
				PRODUCT_BUNDLE_IDENTIFIER = xyz.preludeandfugue.MandelbrotApp;
				PRODUCT_NAME = "$(TARGET_NAME)";
				SUPPORTS_MACCATALYST = NO;
				SWIFT_VERSION = 5.0;
				TARGETED_DEVICE_FAMILY = "1,2";
			};
			name = Debug;
		};
		4E263B57214AFB3100D8D920 /* Release */ = {
			isa = XCBuildConfiguration;
			buildSettings = {
				ASSETCATALOG_COMPILER_APPICON_NAME = AppIcon;
				CODE_SIGN_ENTITLEMENTS = "";
				CODE_SIGN_STYLE = Automatic;
				CURRENT_PROJECT_VERSION = 5;
				DEVELOPMENT_TEAM = T59AZ797LW;
				INFOPLIST_FILE = MandelbrotApp/Info.plist;
				IPHONEOS_DEPLOYMENT_TARGET = 14.5;
				LD_RUNPATH_SEARCH_PATHS = (
					"$(inherited)",
					"@executable_path/Frameworks",
				);
				PRODUCT_BUNDLE_IDENTIFIER = xyz.preludeandfugue.MandelbrotApp;
				PRODUCT_NAME = "$(TARGET_NAME)";
				SUPPORTS_MACCATALYST = NO;
				SWIFT_VERSION = 5.0;
				TARGETED_DEVICE_FAMILY = "1,2";
			};
			name = Release;
		};
/* End XCBuildConfiguration section */

/* Begin XCConfigurationList section */
		4E263B3E214AFB3000D8D920 /* Build configuration list for PBXProject "MandelbrotApp" */ = {
			isa = XCConfigurationList;
			buildConfigurations = (
				4E263B53214AFB3100D8D920 /* Debug */,
				4E263B54214AFB3100D8D920 /* Release */,
			);
			defaultConfigurationIsVisible = 0;
			defaultConfigurationName = Release;
		};
		4E263B55214AFB3100D8D920 /* Build configuration list for PBXNativeTarget "MandelbrotApp" */ = {
			isa = XCConfigurationList;
			buildConfigurations = (
				4E263B56214AFB3100D8D920 /* Debug */,
				4E263B57214AFB3100D8D920 /* Release */,
			);
			defaultConfigurationIsVisible = 0;
			defaultConfigurationName = Release;
		};
/* End XCConfigurationList section */

/* Begin XCRemoteSwiftPackageReference section */
		4EF6DD02267939060050D0DF /* XCRemoteSwiftPackageReference "MandelbrotEngine" */ = {
			isa = XCRemoteSwiftPackageReference;
			repositoryURL = "https://github.com/PreludeAndFugue/MandelbrotEngine";
			requirement = {
				kind = upToNextMajorVersion;
				minimumVersion = 0.14.0;
			};
		};
/* End XCRemoteSwiftPackageReference section */

/* Begin XCSwiftPackageProductDependency section */
		4EF6DD03267939060050D0DF /* MandelbrotEngine */ = {
			isa = XCSwiftPackageProductDependency;
			package = 4EF6DD02267939060050D0DF /* XCRemoteSwiftPackageReference "MandelbrotEngine" */;
			productName = MandelbrotEngine;
		};
/* End XCSwiftPackageProductDependency section */
	};
	rootObject = 4E263B3B214AFB3000D8D920 /* Project object */;
}
