// !$*UTF8*$!
{
	archiveVersion = 1;
	classes = {
	};
	objectVersion = 50;
	objects = {

/* Begin PBXBuildFile section */
		4E263B47214AFB3000D8D920 /* AppDelegate.swift in Sources */ = {isa = PBXBuildFile; fileRef = 4E263B46214AFB3000D8D920 /* AppDelegate.swift */; };
		4E263B49214AFB3000D8D920 /* ViewController.swift in Sources */ = {isa = PBXBuildFile; fileRef = 4E263B48214AFB3000D8D920 /* ViewController.swift */; };
		4E263B4C214AFB3000D8D920 /* Main.storyboard in Resources */ = {isa = PBXBuildFile; fileRef = 4E263B4A214AFB3000D8D920 /* Main.storyboard */; };
		4E263B4E214AFB3100D8D920 /* Assets.xcassets in Resources */ = {isa = PBXBuildFile; fileRef = 4E263B4D214AFB3100D8D920 /* Assets.xcassets */; };
		4E263B51214AFB3100D8D920 /* LaunchScreen.storyboard in Resources */ = {isa = PBXBuildFile; fileRef = 4E263B4F214AFB3100D8D920 /* LaunchScreen.storyboard */; };
		4E263B61214AFFBE00D8D920 /* MandelbrotSet.swift in Sources */ = {isa = PBXBuildFile; fileRef = 4E263B5A214AFFBE00D8D920 /* MandelbrotSet.swift */; };
		4E263B62214AFFBE00D8D920 /* MandelbrotSetConfig.swift in Sources */ = {isa = PBXBuildFile; fileRef = 4E263B5B214AFFBE00D8D920 /* MandelbrotSetConfig.swift */; };
		4E263B63214AFFBE00D8D920 /* Transformation.swift in Sources */ = {isa = PBXBuildFile; fileRef = 4E263B5C214AFFBE00D8D920 /* Transformation.swift */; };
		4E263B64214AFFBE00D8D920 /* MandelbrotSetPoint.swift in Sources */ = {isa = PBXBuildFile; fileRef = 4E263B5D214AFFBE00D8D920 /* MandelbrotSetPoint.swift */; };
		4E263B65214AFFBE00D8D920 /* Rectangle.swift in Sources */ = {isa = PBXBuildFile; fileRef = 4E263B5E214AFFBE00D8D920 /* Rectangle.swift */; };
		4E263B66214AFFBE00D8D920 /* Pixel.swift in Sources */ = {isa = PBXBuildFile; fileRef = 4E263B5F214AFFBE00D8D920 /* Pixel.swift */; };
		4E263B67214AFFBE00D8D920 /* ComplexNumber.swift in Sources */ = {isa = PBXBuildFile; fileRef = 4E263B60214AFFBE00D8D920 /* ComplexNumber.swift */; };
		4E263B6D214AFFCC00D8D920 /* SmoothScale.swift in Sources */ = {isa = PBXBuildFile; fileRef = 4E263B68214AFFCC00D8D920 /* SmoothScale.swift */; };
		4E263B6E214AFFCC00D8D920 /* GreyScale.swift in Sources */ = {isa = PBXBuildFile; fileRef = 4E263B69214AFFCC00D8D920 /* GreyScale.swift */; };
		4E263B6F214AFFCC00D8D920 /* ColourMapProtocol.swift in Sources */ = {isa = PBXBuildFile; fileRef = 4E263B6A214AFFCC00D8D920 /* ColourMapProtocol.swift */; };
		4E263B70214AFFCC00D8D920 /* ManyColourGradient.swift in Sources */ = {isa = PBXBuildFile; fileRef = 4E263B6B214AFFCC00D8D920 /* ManyColourGradient.swift */; };
		4E263B71214AFFCC00D8D920 /* YellowScale.swift in Sources */ = {isa = PBXBuildFile; fileRef = 4E263B6C214AFFCC00D8D920 /* YellowScale.swift */; };
		4E263B74214B027300D8D920 /* UIImage+Extension.swift in Sources */ = {isa = PBXBuildFile; fileRef = 4E263B73214B027300D8D920 /* UIImage+Extension.swift */; };
		4E263B76214B06BD00D8D920 /* UIColor+Extension.swift in Sources */ = {isa = PBXBuildFile; fileRef = 4E263B75214B06BD00D8D920 /* UIColor+Extension.swift */; };
		4E263B78214B0EAA00D8D920 /* CGPoint+Extension.swift in Sources */ = {isa = PBXBuildFile; fileRef = 4E263B77214B0EAA00D8D920 /* CGPoint+Extension.swift */; };
		4E263B7A214B128000D8D920 /* ColourMapFactory.swift in Sources */ = {isa = PBXBuildFile; fileRef = 4E263B79214B128000D8D920 /* ColourMapFactory.swift */; };
/* End PBXBuildFile section */

/* Begin PBXFileReference section */
		4E263B43214AFB3000D8D920 /* MandelbrotApp.app */ = {isa = PBXFileReference; explicitFileType = wrapper.application; includeInIndex = 0; path = MandelbrotApp.app; sourceTree = BUILT_PRODUCTS_DIR; };
		4E263B46214AFB3000D8D920 /* AppDelegate.swift */ = {isa = PBXFileReference; lastKnownFileType = sourcecode.swift; path = AppDelegate.swift; sourceTree = "<group>"; };
		4E263B48214AFB3000D8D920 /* ViewController.swift */ = {isa = PBXFileReference; lastKnownFileType = sourcecode.swift; path = ViewController.swift; sourceTree = "<group>"; };
		4E263B4B214AFB3000D8D920 /* Base */ = {isa = PBXFileReference; lastKnownFileType = file.storyboard; name = Base; path = Base.lproj/Main.storyboard; sourceTree = "<group>"; };
		4E263B4D214AFB3100D8D920 /* Assets.xcassets */ = {isa = PBXFileReference; lastKnownFileType = folder.assetcatalog; path = Assets.xcassets; sourceTree = "<group>"; };
		4E263B50214AFB3100D8D920 /* Base */ = {isa = PBXFileReference; lastKnownFileType = file.storyboard; name = Base; path = Base.lproj/LaunchScreen.storyboard; sourceTree = "<group>"; };
		4E263B52214AFB3100D8D920 /* Info.plist */ = {isa = PBXFileReference; lastKnownFileType = text.plist.xml; path = Info.plist; sourceTree = "<group>"; };
		4E263B5A214AFFBE00D8D920 /* MandelbrotSet.swift */ = {isa = PBXFileReference; fileEncoding = 4; lastKnownFileType = sourcecode.swift; path = MandelbrotSet.swift; sourceTree = "<group>"; };
		4E263B5B214AFFBE00D8D920 /* MandelbrotSetConfig.swift */ = {isa = PBXFileReference; fileEncoding = 4; lastKnownFileType = sourcecode.swift; path = MandelbrotSetConfig.swift; sourceTree = "<group>"; };
		4E263B5C214AFFBE00D8D920 /* Transformation.swift */ = {isa = PBXFileReference; fileEncoding = 4; lastKnownFileType = sourcecode.swift; path = Transformation.swift; sourceTree = "<group>"; };
		4E263B5D214AFFBE00D8D920 /* MandelbrotSetPoint.swift */ = {isa = PBXFileReference; fileEncoding = 4; lastKnownFileType = sourcecode.swift; path = MandelbrotSetPoint.swift; sourceTree = "<group>"; };
		4E263B5E214AFFBE00D8D920 /* Rectangle.swift */ = {isa = PBXFileReference; fileEncoding = 4; lastKnownFileType = sourcecode.swift; path = Rectangle.swift; sourceTree = "<group>"; };
		4E263B5F214AFFBE00D8D920 /* Pixel.swift */ = {isa = PBXFileReference; fileEncoding = 4; lastKnownFileType = sourcecode.swift; path = Pixel.swift; sourceTree = "<group>"; };
		4E263B60214AFFBE00D8D920 /* ComplexNumber.swift */ = {isa = PBXFileReference; fileEncoding = 4; lastKnownFileType = sourcecode.swift; path = ComplexNumber.swift; sourceTree = "<group>"; };
		4E263B68214AFFCC00D8D920 /* SmoothScale.swift */ = {isa = PBXFileReference; fileEncoding = 4; lastKnownFileType = sourcecode.swift; path = SmoothScale.swift; sourceTree = "<group>"; };
		4E263B69214AFFCC00D8D920 /* GreyScale.swift */ = {isa = PBXFileReference; fileEncoding = 4; lastKnownFileType = sourcecode.swift; path = GreyScale.swift; sourceTree = "<group>"; };
		4E263B6A214AFFCC00D8D920 /* ColourMapProtocol.swift */ = {isa = PBXFileReference; fileEncoding = 4; lastKnownFileType = sourcecode.swift; path = ColourMapProtocol.swift; sourceTree = "<group>"; };
		4E263B6B214AFFCC00D8D920 /* ManyColourGradient.swift */ = {isa = PBXFileReference; fileEncoding = 4; lastKnownFileType = sourcecode.swift; path = ManyColourGradient.swift; sourceTree = "<group>"; };
		4E263B6C214AFFCC00D8D920 /* YellowScale.swift */ = {isa = PBXFileReference; fileEncoding = 4; lastKnownFileType = sourcecode.swift; path = YellowScale.swift; sourceTree = "<group>"; };
		4E263B73214B027300D8D920 /* UIImage+Extension.swift */ = {isa = PBXFileReference; fileEncoding = 4; lastKnownFileType = sourcecode.swift; path = "UIImage+Extension.swift"; sourceTree = "<group>"; };
		4E263B75214B06BD00D8D920 /* UIColor+Extension.swift */ = {isa = PBXFileReference; lastKnownFileType = sourcecode.swift; path = "UIColor+Extension.swift"; sourceTree = "<group>"; };
		4E263B77214B0EAA00D8D920 /* CGPoint+Extension.swift */ = {isa = PBXFileReference; lastKnownFileType = sourcecode.swift; path = "CGPoint+Extension.swift"; sourceTree = "<group>"; };
		4E263B79214B128000D8D920 /* ColourMapFactory.swift */ = {isa = PBXFileReference; lastKnownFileType = sourcecode.swift; path = ColourMapFactory.swift; sourceTree = "<group>"; };
/* End PBXFileReference section */

/* Begin PBXFrameworksBuildPhase section */
		4E263B40214AFB3000D8D920 /* Frameworks */ = {
			isa = PBXFrameworksBuildPhase;
			buildActionMask = 2147483647;
			files = (
			);
			runOnlyForDeploymentPostprocessing = 0;
		};
/* End PBXFrameworksBuildPhase section */

/* Begin PBXGroup section */
		4E263B3A214AFB3000D8D920 = {
			isa = PBXGroup;
			children = (
				4E263B45214AFB3000D8D920 /* MandelbrotApp */,
				4E263B44214AFB3000D8D920 /* Products */,
			);
			sourceTree = "<group>";
		};
		4E263B44214AFB3000D8D920 /* Products */ = {
			isa = PBXGroup;
			children = (
				4E263B43214AFB3000D8D920 /* MandelbrotApp.app */,
			);
			name = Products;
			sourceTree = "<group>";
		};
		4E263B45214AFB3000D8D920 /* MandelbrotApp */ = {
			isa = PBXGroup;
			children = (
				4E263B72214B026800D8D920 /* Extensions */,
				4E263B59214AFFAB00D8D920 /* ColourMaps */,
				4E263B58214AFFA400D8D920 /* Model */,
				4E263B46214AFB3000D8D920 /* AppDelegate.swift */,
				4E263B48214AFB3000D8D920 /* ViewController.swift */,
				4E263B4A214AFB3000D8D920 /* Main.storyboard */,
				4E263B4D214AFB3100D8D920 /* Assets.xcassets */,
				4E263B4F214AFB3100D8D920 /* LaunchScreen.storyboard */,
				4E263B52214AFB3100D8D920 /* Info.plist */,
			);
			path = MandelbrotApp;
			sourceTree = "<group>";
		};
		4E263B58214AFFA400D8D920 /* Model */ = {
			isa = PBXGroup;
			children = (
				4E263B60214AFFBE00D8D920 /* ComplexNumber.swift */,
				4E263B5A214AFFBE00D8D920 /* MandelbrotSet.swift */,
				4E263B5B214AFFBE00D8D920 /* MandelbrotSetConfig.swift */,
				4E263B5D214AFFBE00D8D920 /* MandelbrotSetPoint.swift */,
				4E263B5F214AFFBE00D8D920 /* Pixel.swift */,
				4E263B5E214AFFBE00D8D920 /* Rectangle.swift */,
				4E263B5C214AFFBE00D8D920 /* Transformation.swift */,
			);
			path = Model;
			sourceTree = "<group>";
		};
		4E263B59214AFFAB00D8D920 /* ColourMaps */ = {
			isa = PBXGroup;
			children = (
				4E263B6A214AFFCC00D8D920 /* ColourMapProtocol.swift */,
				4E263B69214AFFCC00D8D920 /* GreyScale.swift */,
				4E263B6B214AFFCC00D8D920 /* ManyColourGradient.swift */,
				4E263B68214AFFCC00D8D920 /* SmoothScale.swift */,
				4E263B6C214AFFCC00D8D920 /* YellowScale.swift */,
				4E263B79214B128000D8D920 /* ColourMapFactory.swift */,
			);
			path = ColourMaps;
			sourceTree = "<group>";
		};
		4E263B72214B026800D8D920 /* Extensions */ = {
			isa = PBXGroup;
			children = (
				4E263B73214B027300D8D920 /* UIImage+Extension.swift */,
				4E263B75214B06BD00D8D920 /* UIColor+Extension.swift */,
				4E263B77214B0EAA00D8D920 /* CGPoint+Extension.swift */,
			);
			path = Extensions;
			sourceTree = "<group>";
		};
/* End PBXGroup section */

/* Begin PBXNativeTarget section */
		4E263B42214AFB3000D8D920 /* MandelbrotApp */ = {
			isa = PBXNativeTarget;
			buildConfigurationList = 4E263B55214AFB3100D8D920 /* Build configuration list for PBXNativeTarget "MandelbrotApp" */;
			buildPhases = (
				4E263B3F214AFB3000D8D920 /* Sources */,
				4E263B40214AFB3000D8D920 /* Frameworks */,
				4E263B41214AFB3000D8D920 /* Resources */,
			);
			buildRules = (
			);
			dependencies = (
			);
			name = MandelbrotApp;
			productName = MandelbrotApp;
			productReference = 4E263B43214AFB3000D8D920 /* MandelbrotApp.app */;
			productType = "com.apple.product-type.application";
		};
/* End PBXNativeTarget section */

/* Begin PBXProject section */
		4E263B3B214AFB3000D8D920 /* Project object */ = {
			isa = PBXProject;
			attributes = {
				LastSwiftUpdateCheck = 1000;
				LastUpgradeCheck = 1000;
				ORGANIZATIONNAME = "Gary Kerr";
				TargetAttributes = {
					4E263B42214AFB3000D8D920 = {
						CreatedOnToolsVersion = 10.0;
					};
				};
			};
			buildConfigurationList = 4E263B3E214AFB3000D8D920 /* Build configuration list for PBXProject "MandelbrotApp" */;
			compatibilityVersion = "Xcode 9.3";
			developmentRegion = en;
			hasScannedForEncodings = 0;
			knownRegions = (
				en,
				Base,
			);
			mainGroup = 4E263B3A214AFB3000D8D920;
			productRefGroup = 4E263B44214AFB3000D8D920 /* Products */;
			projectDirPath = "";
			projectRoot = "";
			targets = (
				4E263B42214AFB3000D8D920 /* MandelbrotApp */,
			);
		};
/* End PBXProject section */

/* Begin PBXResourcesBuildPhase section */
		4E263B41214AFB3000D8D920 /* Resources */ = {
			isa = PBXResourcesBuildPhase;
			buildActionMask = 2147483647;
			files = (
				4E263B51214AFB3100D8D920 /* LaunchScreen.storyboard in Resources */,
				4E263B4E214AFB3100D8D920 /* Assets.xcassets in Resources */,
				4E263B4C214AFB3000D8D920 /* Main.storyboard in Resources */,
			);
			runOnlyForDeploymentPostprocessing = 0;
		};
/* End PBXResourcesBuildPhase section */

/* Begin PBXSourcesBuildPhase section */
		4E263B3F214AFB3000D8D920 /* Sources */ = {
			isa = PBXSourcesBuildPhase;
			buildActionMask = 2147483647;
			files = (
				4E263B71214AFFCC00D8D920 /* YellowScale.swift in Sources */,
				4E263B6D214AFFCC00D8D920 /* SmoothScale.swift in Sources */,
				4E263B74214B027300D8D920 /* UIImage+Extension.swift in Sources */,
				4E263B66214AFFBE00D8D920 /* Pixel.swift in Sources */,
				4E263B6F214AFFCC00D8D920 /* ColourMapProtocol.swift in Sources */,
				4E263B76214B06BD00D8D920 /* UIColor+Extension.swift in Sources */,
				4E263B67214AFFBE00D8D920 /* ComplexNumber.swift in Sources */,
				4E263B49214AFB3000D8D920 /* ViewController.swift in Sources */,
				4E263B78214B0EAA00D8D920 /* CGPoint+Extension.swift in Sources */,
				4E263B47214AFB3000D8D920 /* AppDelegate.swift in Sources */,
				4E263B62214AFFBE00D8D920 /* MandelbrotSetConfig.swift in Sources */,
				4E263B61214AFFBE00D8D920 /* MandelbrotSet.swift in Sources */,
				4E263B6E214AFFCC00D8D920 /* GreyScale.swift in Sources */,
				4E263B63214AFFBE00D8D920 /* Transformation.swift in Sources */,
				4E263B64214AFFBE00D8D920 /* MandelbrotSetPoint.swift in Sources */,
				4E263B7A214B128000D8D920 /* ColourMapFactory.swift in Sources */,
				4E263B70214AFFCC00D8D920 /* ManyColourGradient.swift in Sources */,
				4E263B65214AFFBE00D8D920 /* Rectangle.swift in Sources */,
			);
			runOnlyForDeploymentPostprocessing = 0;
		};
/* End PBXSourcesBuildPhase section */

/* Begin PBXVariantGroup section */
		4E263B4A214AFB3000D8D920 /* Main.storyboard */ = {
			isa = PBXVariantGroup;
			children = (
				4E263B4B214AFB3000D8D920 /* Base */,
			);
			name = Main.storyboard;
			sourceTree = "<group>";
		};
		4E263B4F214AFB3100D8D920 /* LaunchScreen.storyboard */ = {
			isa = PBXVariantGroup;
			children = (
				4E263B50214AFB3100D8D920 /* Base */,
			);
			name = LaunchScreen.storyboard;
			sourceTree = "<group>";
		};
/* End PBXVariantGroup section */

/* Begin XCBuildConfiguration section */
		4E263B53214AFB3100D8D920 /* Debug */ = {
			isa = XCBuildConfiguration;
			buildSettings = {
				ALWAYS_SEARCH_USER_PATHS = NO;
				CLANG_ANALYZER_NONNULL = YES;
				CLANG_ANALYZER_NUMBER_OBJECT_CONVERSION = YES_AGGRESSIVE;
				CLANG_CXX_LANGUAGE_STANDARD = "gnu++14";
				CLANG_CXX_LIBRARY = "libc++";
				CLANG_ENABLE_MODULES = YES;
				CLANG_ENABLE_OBJC_ARC = YES;
				CLANG_ENABLE_OBJC_WEAK = YES;
				CLANG_WARN_BLOCK_CAPTURE_AUTORELEASING = YES;
				CLANG_WARN_BOOL_CONVERSION = YES;
				CLANG_WARN_COMMA = YES;
				CLANG_WARN_CONSTANT_CONVERSION = YES;
				CLANG_WARN_DEPRECATED_OBJC_IMPLEMENTATIONS = YES;
				CLANG_WARN_DIRECT_OBJC_ISA_USAGE = YES_ERROR;
				CLANG_WARN_DOCUMENTATION_COMMENTS = YES;
				CLANG_WARN_EMPTY_BODY = YES;
				CLANG_WARN_ENUM_CONVERSION = YES;
				CLANG_WARN_INFINITE_RECURSION = YES;
				CLANG_WARN_INT_CONVERSION = YES;
				CLANG_WARN_NON_LITERAL_NULL_CONVERSION = YES;
				CLANG_WARN_OBJC_IMPLICIT_RETAIN_SELF = YES;
				CLANG_WARN_OBJC_LITERAL_CONVERSION = YES;
				CLANG_WARN_OBJC_ROOT_CLASS = YES_ERROR;
				CLANG_WARN_RANGE_LOOP_ANALYSIS = YES;
				CLANG_WARN_STRICT_PROTOTYPES = YES;
				CLANG_WARN_SUSPICIOUS_MOVE = YES;
				CLANG_WARN_UNGUARDED_AVAILABILITY = YES_AGGRESSIVE;
				CLANG_WARN_UNREACHABLE_CODE = YES;
				CLANG_WARN__DUPLICATE_METHOD_MATCH = YES;
				CODE_SIGN_IDENTITY = "iPhone Developer";
				COPY_PHASE_STRIP = NO;
				DEBUG_INFORMATION_FORMAT = dwarf;
				ENABLE_STRICT_OBJC_MSGSEND = YES;
				ENABLE_TESTABILITY = YES;
				GCC_C_LANGUAGE_STANDARD = gnu11;
				GCC_DYNAMIC_NO_PIC = NO;
				GCC_NO_COMMON_BLOCKS = YES;
				GCC_OPTIMIZATION_LEVEL = 0;
				GCC_PREPROCESSOR_DEFINITIONS = (
					"DEBUG=1",
					"$(inherited)",
				);
				GCC_WARN_64_TO_32_BIT_CONVERSION = YES;
				GCC_WARN_ABOUT_RETURN_TYPE = YES_ERROR;
				GCC_WARN_UNDECLARED_SELECTOR = YES;
				GCC_WARN_UNINITIALIZED_AUTOS = YES_AGGRESSIVE;
				GCC_WARN_UNUSED_FUNCTION = YES;
				GCC_WARN_UNUSED_VARIABLE = YES;
				IPHONEOS_DEPLOYMENT_TARGET = 12.0;
				MTL_ENABLE_DEBUG_INFO = INCLUDE_SOURCE;
				MTL_FAST_MATH = YES;
				ONLY_ACTIVE_ARCH = YES;
				SDKROOT = iphoneos;
				SWIFT_ACTIVE_COMPILATION_CONDITIONS = DEBUG;
				SWIFT_OPTIMIZATION_LEVEL = "-Onone";
			};
			name = Debug;
		};
		4E263B54214AFB3100D8D920 /* Release */ = {
			isa = XCBuildConfiguration;
			buildSettings = {
				ALWAYS_SEARCH_USER_PATHS = NO;
				CLANG_ANALYZER_NONNULL = YES;
				CLANG_ANALYZER_NUMBER_OBJECT_CONVERSION = YES_AGGRESSIVE;
				CLANG_CXX_LANGUAGE_STANDARD = "gnu++14";
				CLANG_CXX_LIBRARY = "libc++";
				CLANG_ENABLE_MODULES = YES;
				CLANG_ENABLE_OBJC_ARC = YES;
				CLANG_ENABLE_OBJC_WEAK = YES;
				CLANG_WARN_BLOCK_CAPTURE_AUTORELEASING = YES;
				CLANG_WARN_BOOL_CONVERSION = YES;
				CLANG_WARN_COMMA = YES;
				CLANG_WARN_CONSTANT_CONVERSION = YES;
				CLANG_WARN_DEPRECATED_OBJC_IMPLEMENTATIONS = YES;
				CLANG_WARN_DIRECT_OBJC_ISA_USAGE = YES_ERROR;
				CLANG_WARN_DOCUMENTATION_COMMENTS = YES;
				CLANG_WARN_EMPTY_BODY = YES;
				CLANG_WARN_ENUM_CONVERSION = YES;
				CLANG_WARN_INFINITE_RECURSION = YES;
				CLANG_WARN_INT_CONVERSION = YES;
				CLANG_WARN_NON_LITERAL_NULL_CONVERSION = YES;
				CLANG_WARN_OBJC_IMPLICIT_RETAIN_SELF = YES;
				CLANG_WARN_OBJC_LITERAL_CONVERSION = YES;
				CLANG_WARN_OBJC_ROOT_CLASS = YES_ERROR;
				CLANG_WARN_RANGE_LOOP_ANALYSIS = YES;
				CLANG_WARN_STRICT_PROTOTYPES = YES;
				CLANG_WARN_SUSPICIOUS_MOVE = YES;
				CLANG_WARN_UNGUARDED_AVAILABILITY = YES_AGGRESSIVE;
				CLANG_WARN_UNREACHABLE_CODE = YES;
				CLANG_WARN__DUPLICATE_METHOD_MATCH = YES;
				CODE_SIGN_IDENTITY = "iPhone Developer";
				COPY_PHASE_STRIP = NO;
				DEBUG_INFORMATION_FORMAT = "dwarf-with-dsym";
				ENABLE_NS_ASSERTIONS = NO;
				ENABLE_STRICT_OBJC_MSGSEND = YES;
				GCC_C_LANGUAGE_STANDARD = gnu11;
				GCC_NO_COMMON_BLOCKS = YES;
				GCC_WARN_64_TO_32_BIT_CONVERSION = YES;
				GCC_WARN_ABOUT_RETURN_TYPE = YES_ERROR;
				GCC_WARN_UNDECLARED_SELECTOR = YES;
				GCC_WARN_UNINITIALIZED_AUTOS = YES_AGGRESSIVE;
				GCC_WARN_UNUSED_FUNCTION = YES;
				GCC_WARN_UNUSED_VARIABLE = YES;
				IPHONEOS_DEPLOYMENT_TARGET = 12.0;
				MTL_ENABLE_DEBUG_INFO = NO;
				MTL_FAST_MATH = YES;
				SDKROOT = iphoneos;
				SWIFT_COMPILATION_MODE = wholemodule;
				SWIFT_OPTIMIZATION_LEVEL = "-O";
				VALIDATE_PRODUCT = YES;
			};
			name = Release;
		};
		4E263B56214AFB3100D8D920 /* Debug */ = {
			isa = XCBuildConfiguration;
			buildSettings = {
				ASSETCATALOG_COMPILER_APPICON_NAME = AppIcon;
				CODE_SIGN_STYLE = Automatic;
				DEVELOPMENT_TEAM = T59AZ797LW;
				INFOPLIST_FILE = MandelbrotApp/Info.plist;
				IPHONEOS_DEPLOYMENT_TARGET = 11.4;
				LD_RUNPATH_SEARCH_PATHS = (
					"$(inherited)",
					"@executable_path/Frameworks",
				);
				PRODUCT_BUNDLE_IDENTIFIER = xyz.preludeandfugue.MandelbrotApp;
				PRODUCT_NAME = "$(TARGET_NAME)";
				SWIFT_VERSION = 4.2;
				TARGETED_DEVICE_FAMILY = "1,2";
			};
			name = Debug;
		};
		4E263B57214AFB3100D8D920 /* Release */ = {
			isa = XCBuildConfiguration;
			buildSettings = {
				ASSETCATALOG_COMPILER_APPICON_NAME = AppIcon;
				CODE_SIGN_STYLE = Automatic;
				DEVELOPMENT_TEAM = T59AZ797LW;
				INFOPLIST_FILE = MandelbrotApp/Info.plist;
				IPHONEOS_DEPLOYMENT_TARGET = 11.4;
				LD_RUNPATH_SEARCH_PATHS = (
					"$(inherited)",
					"@executable_path/Frameworks",
				);
				PRODUCT_BUNDLE_IDENTIFIER = xyz.preludeandfugue.MandelbrotApp;
				PRODUCT_NAME = "$(TARGET_NAME)";
				SWIFT_VERSION = 4.2;
				TARGETED_DEVICE_FAMILY = "1,2";
			};
			name = Release;
		};
/* End XCBuildConfiguration section */

/* Begin XCConfigurationList section */
		4E263B3E214AFB3000D8D920 /* Build configuration list for PBXProject "MandelbrotApp" */ = {
			isa = XCConfigurationList;
			buildConfigurations = (
				4E263B53214AFB3100D8D920 /* Debug */,
				4E263B54214AFB3100D8D920 /* Release */,
			);
			defaultConfigurationIsVisible = 0;
			defaultConfigurationName = Release;
		};
		4E263B55214AFB3100D8D920 /* Build configuration list for PBXNativeTarget "MandelbrotApp" */ = {
			isa = XCConfigurationList;
			buildConfigurations = (
				4E263B56214AFB3100D8D920 /* Debug */,
				4E263B57214AFB3100D8D920 /* Release */,
			);
			defaultConfigurationIsVisible = 0;
			defaultConfigurationName = Release;
		};
/* End XCConfigurationList section */
	};
	rootObject = 4E263B3B214AFB3000D8D920 /* Project object */;
}
