{
  "originHash" : "0dac124376c2689ee32e7a2e357adf506d12f4aa9359780413f2440452d3b47f",
  "pins" : [
    {
      "identity" : "mandelbrotengine",
      "kind" : "localSourceControl",
      "location" : "/Users/gary/Documents/computing/ios/MandelbrotEngine",
      "state" : {
        "revision" : "513299a0f51e1c56cf0fb76433ff6b0cf8ff606c",
        "version" : "0.21.0"
      }
    }
  ],
  "version" : 3
}
